// !$*UTF8*$!
{
	archiveVersion = 1;
	classes = {
	};
	objectVersion = 50;
	objects = {

/* Begin PBXBuildFile section */
		3A807609256C008A005E6A1F /* DayoneApp.swift in Sources */ = {isa = PBXBuildFile; fileRef = 3A8075F6256C0072005E6A1F /* DayoneApp.swift */; };
		3A80760A256C008A005E6A1F /* DayoneApp.swift in Sources */ = {isa = PBXBuildFile; fileRef = 3A8075F6256C0072005E6A1F /* DayoneApp.swift */; };
		3A80760B256C008A005E6A1F /* ContentView.swift in Sources */ = {isa = PBXBuildFile; fileRef = 3A8075F7256C0072005E6A1F /* ContentView.swift */; };
		3A80760C256C008A005E6A1F /* ContentView.swift in Sources */ = {isa = PBXBuildFile; fileRef = 3A8075F7256C0072005E6A1F /* ContentView.swift */; };
		3A80760D256C008A005E6A1F /* Assets.xcassets in Resources */ = {isa = PBXBuildFile; fileRef = 3A8075F8256C008A005E6A1F /* Assets.xcassets */; };
		3A80760E256C008A005E6A1F /* Assets.xcassets in Resources */ = {isa = PBXBuildFile; fileRef = 3A8075F8256C008A005E6A1F /* Assets.xcassets */; };
/* End PBXBuildFile section */

/* Begin PBXFileReference section */
		3A8075F6256C0072005E6A1F /* DayoneApp.swift */ = {isa = PBXFileReference; lastKnownFileType = sourcecode.swift; path = DayoneApp.swift; sourceTree = "<group>"; };
		3A8075F7256C0072005E6A1F /* ContentView.swift */ = {isa = PBXFileReference; lastKnownFileType = sourcecode.swift; path = ContentView.swift; sourceTree = "<group>"; };
		3A8075F8256C008A005E6A1F /* Assets.xcassets */ = {isa = PBXFileReference; lastKnownFileType = folder.assetcatalog; path = Assets.xcassets; sourceTree = "<group>"; };
		3A8075FD256C008A005E6A1F /* Dayone.app */ = {isa = PBXFileReference; explicitFileType = wrapper.application; includeInIndex = 0; path = Dayone.app; sourceTree = BUILT_PRODUCTS_DIR; };
		3A807600256C008A005E6A1F /* Info.plist */ = {isa = PBXFileReference; lastKnownFileType = text.plist.xml; path = Info.plist; sourceTree = "<group>"; };
		3A807605256C008A005E6A1F /* Dayone.app */ = {isa = PBXFileReference; explicitFileType = wrapper.application; includeInIndex = 0; path = Dayone.app; sourceTree = BUILT_PRODUCTS_DIR; };
		3A807607256C008A005E6A1F /* Info.plist */ = {isa = PBXFileReference; lastKnownFileType = text.plist.xml; path = Info.plist; sourceTree = "<group>"; };
		3A807608256C008A005E6A1F /* macOS.entitlements */ = {isa = PBXFileReference; lastKnownFileType = text.plist.entitlements; path = macOS.entitlements; sourceTree = "<group>"; };
/* End PBXFileReference section */

/* Begin PBXFrameworksBuildPhase section */
		3A8075FA256C008A005E6A1F /* Frameworks */ = {
			isa = PBXFrameworksBuildPhase;
			buildActionMask = 2147483647;
			files = (
			);
			runOnlyForDeploymentPostprocessing = 0;
		};
		3A807602256C008A005E6A1F /* Frameworks */ = {
			isa = PBXFrameworksBuildPhase;
			buildActionMask = 2147483647;
			files = (
			);
			runOnlyForDeploymentPostprocessing = 0;
		};
/* End PBXFrameworksBuildPhase section */

/* Begin PBXGroup section */
		3A8075F0256C0071005E6A1F = {
			isa = PBXGroup;
			children = (
				3A8075F5256C0072005E6A1F /* Shared */,
				3A8075FF256C008A005E6A1F /* iOS */,
				3A807606256C008A005E6A1F /* macOS */,
				3A8075FE256C008A005E6A1F /* Products */,
			);
			sourceTree = "<group>";
		};
		3A8075F5256C0072005E6A1F /* Shared */ = {
			isa = PBXGroup;
			children = (
				3A8075F6256C0072005E6A1F /* DayoneApp.swift */,
				3A8075F7256C0072005E6A1F /* ContentView.swift */,
				3A8075F8256C008A005E6A1F /* Assets.xcassets */,
			);
			path = Shared;
			sourceTree = "<group>";
		};
		3A8075FE256C008A005E6A1F /* Products */ = {
			isa = PBXGroup;
			children = (
				3A8075FD256C008A005E6A1F /* Dayone.app */,
				3A807605256C008A005E6A1F /* Dayone.app */,
			);
			name = Products;
			sourceTree = "<group>";
		};
		3A8075FF256C008A005E6A1F /* iOS */ = {
			isa = PBXGroup;
			children = (
				3A807600256C008A005E6A1F /* Info.plist */,
			);
			path = iOS;
			sourceTree = "<group>";
		};
		3A807606256C008A005E6A1F /* macOS */ = {
			isa = PBXGroup;
			children = (
				3A807607256C008A005E6A1F /* Info.plist */,
				3A807608256C008A005E6A1F /* macOS.entitlements */,
			);
			path = macOS;
			sourceTree = "<group>";
		};
/* End PBXGroup section */

/* Begin PBXNativeTarget section */
		3A8075FC256C008A005E6A1F /* Dayone (iOS) */ = {
			isa = PBXNativeTarget;
			buildConfigurationList = 3A807611256C008A005E6A1F /* Build configuration list for PBXNativeTarget "Dayone (iOS)" */;
			buildPhases = (
				3A8075F9256C008A005E6A1F /* Sources */,
				3A8075FA256C008A005E6A1F /* Frameworks */,
				3A8075FB256C008A005E6A1F /* Resources */,
			);
			buildRules = (
			);
			dependencies = (
			);
			name = "Dayone (iOS)";
			productName = "Dayone (iOS)";
			productReference = 3A8075FD256C008A005E6A1F /* Dayone.app */;
			productType = "com.apple.product-type.application";
		};
		3A807604256C008A005E6A1F /* Dayone (macOS) */ = {
			isa = PBXNativeTarget;
			buildConfigurationList = 3A807614256C008A005E6A1F /* Build configuration list for PBXNativeTarget "Dayone (macOS)" */;
			buildPhases = (
				3A807601256C008A005E6A1F /* Sources */,
				3A807602256C008A005E6A1F /* Frameworks */,
				3A807603256C008A005E6A1F /* Resources */,
			);
			buildRules = (
			);
			dependencies = (
			);
			name = "Dayone (macOS)";
			productName = "Dayone (macOS)";
			productReference = 3A807605256C008A005E6A1F /* Dayone.app */;
			productType = "com.apple.product-type.application";
		};
/* End PBXNativeTarget section */

/* Begin PBXProject section */
		3A8075F1256C0071005E6A1F /* Project object */ = {
			isa = PBXProject;
			attributes = {
				LastSwiftUpdateCheck = 1220;
				LastUpgradeCheck = 1220;
				TargetAttributes = {
					3A8075FC256C008A005E6A1F = {
						CreatedOnToolsVersion = 12.2;
					};
					3A807604256C008A005E6A1F = {
						CreatedOnToolsVersion = 12.2;
					};
				};
			};
			buildConfigurationList = 3A8075F4256C0071005E6A1F /* Build configuration list for PBXProject "Dayone" */;
			compatibilityVersion = "Xcode 9.3";
			developmentRegion = en;
			hasScannedForEncodings = 0;
			knownRegions = (
				en,
				Base,
			);
			mainGroup = 3A8075F0256C0071005E6A1F;
			productRefGroup = 3A8075FE256C008A005E6A1F /* Products */;
			projectDirPath = "";
			projectRoot = "";
			targets = (
				3A8075FC256C008A005E6A1F /* Dayone (iOS) */,
				3A807604256C008A005E6A1F /* Dayone (macOS) */,
			);
		};
/* End PBXProject section */

/* Begin PBXResourcesBuildPhase section */
		3A8075FB256C008A005E6A1F /* Resources */ = {
			isa = PBXResourcesBuildPhase;
			buildActionMask = 2147483647;
			files = (
				3A80760D256C008A005E6A1F /* Assets.xcassets in Resources */,
			);
			runOnlyForDeploymentPostprocessing = 0;
		};
		3A807603256C008A005E6A1F /* Resources */ = {
			isa = PBXResourcesBuildPhase;
			buildActionMask = 2147483647;
			files = (
				3A80760E256C008A005E6A1F /* Assets.xcassets in Resources */,
			);
			runOnlyForDeploymentPostprocessing = 0;
		};
/* End PBXResourcesBuildPhase section */

/* Begin PBXSourcesBuildPhase section */
		3A8075F9256C008A005E6A1F /* Sources */ = {
			isa = PBXSourcesBuildPhase;
			buildActionMask = 2147483647;
			files = (
				3A80760B256C008A005E6A1F /* ContentView.swift in Sources */,
				3A807609256C008A005E6A1F /* DayoneApp.swift in Sources */,
			);
			runOnlyForDeploymentPostprocessing = 0;
		};
		3A807601256C008A005E6A1F /* Sources */ = {
			isa = PBXSourcesBuildPhase;
			buildActionMask = 2147483647;
			files = (
				3A80760C256C008A005E6A1F /* ContentView.swift in Sources */,
				3A80760A256C008A005E6A1F /* DayoneApp.swift in Sources */,
			);
			runOnlyForDeploymentPostprocessing = 0;
		};
/* End PBXSourcesBuildPhase section */

/* Begin XCBuildConfiguration section */
		3A80760F256C008A005E6A1F /* Debug */ = {
			isa = XCBuildConfiguration;
			buildSettings = {
				ALWAYS_SEARCH_USER_PATHS = NO;
				CLANG_ANALYZER_NONNULL = YES;
				CLANG_ANALYZER_NUMBER_OBJECT_CONVERSION = YES_AGGRESSIVE;
				CLANG_CXX_LANGUAGE_STANDARD = "gnu++14";
				CLANG_CXX_LIBRARY = "libc++";
				CLANG_ENABLE_MODULES = YES;
				CLANG_ENABLE_OBJC_ARC = YES;
				CLANG_ENABLE_OBJC_WEAK = YES;
				CLANG_WARN_BLOCK_CAPTURE_AUTORELEASING = YES;
				CLANG_WARN_BOOL_CONVERSION = YES;
				CLANG_WARN_COMMA = YES;
				CLANG_WARN_CONSTANT_CONVERSION = YES;
				CLANG_WARN_DEPRECATED_OBJC_IMPLEMENTATIONS = YES;
				CLANG_WARN_DIRECT_OBJC_ISA_USAGE = YES_ERROR;
				CLANG_WARN_DOCUMENTATION_COMMENTS = YES;
				CLANG_WARN_EMPTY_BODY = YES;
				CLANG_WARN_ENUM_CONVERSION = YES;
				CLANG_WARN_INFINITE_RECURSION = YES;
				CLANG_WARN_INT_CONVERSION = YES;
				CLANG_WARN_NON_LITERAL_NULL_CONVERSION = YES;
				CLANG_WARN_OBJC_IMPLICIT_RETAIN_SELF = YES;
				CLANG_WARN_OBJC_LITERAL_CONVERSION = YES;
				CLANG_WARN_OBJC_ROOT_CLASS = YES_ERROR;
				CLANG_WARN_QUOTED_INCLUDE_IN_FRAMEWORK_HEADER = YES;
				CLANG_WARN_RANGE_LOOP_ANALYSIS = YES;
				CLANG_WARN_STRICT_PROTOTYPES = YES;
				CLANG_WARN_SUSPICIOUS_MOVE = YES;
				CLANG_WARN_UNGUARDED_AVAILABILITY = YES_AGGRESSIVE;
				CLANG_WARN_UNREACHABLE_CODE = YES;
				CLANG_WARN__DUPLICATE_METHOD_MATCH = YES;
				COPY_PHASE_STRIP = NO;
				DEBUG_INFORMATION_FORMAT = dwarf;
				ENABLE_STRICT_OBJC_MSGSEND = YES;
				ENABLE_TESTABILITY = YES;
				GCC_C_LANGUAGE_STANDARD = gnu11;
				GCC_DYNAMIC_NO_PIC = NO;
				GCC_NO_COMMON_BLOCKS = YES;
				GCC_OPTIMIZATION_LEVEL = 0;
				GCC_PREPROCESSOR_DEFINITIONS = (
					"DEBUG=1",
					"$(inherited)",
				);
				GCC_WARN_64_TO_32_BIT_CONVERSION = YES;
				GCC_WARN_ABOUT_RETURN_TYPE = YES_ERROR;
				GCC_WARN_UNDECLARED_SELECTOR = YES;
				GCC_WARN_UNINITIALIZED_AUTOS = YES_AGGRESSIVE;
				GCC_WARN_UNUSED_FUNCTION = YES;
				GCC_WARN_UNUSED_VARIABLE = YES;
				MTL_ENABLE_DEBUG_INFO = INCLUDE_SOURCE;
				MTL_FAST_MATH = YES;
				ONLY_ACTIVE_ARCH = YES;
				SWIFT_ACTIVE_COMPILATION_CONDITIONS = DEBUG;
				SWIFT_OPTIMIZATION_LEVEL = "-Onone";
			};
			name = Debug;
		};
		3A807610256C008A005E6A1F /* Release */ = {
			isa = XCBuildConfiguration;
			buildSettings = {
				ALWAYS_SEARCH_USER_PATHS = NO;
				CLANG_ANALYZER_NONNULL = YES;
				CLANG_ANALYZER_NUMBER_OBJECT_CONVERSION = YES_AGGRESSIVE;
				CLANG_CXX_LANGUAGE_STANDARD = "gnu++14";
				CLANG_CXX_LIBRARY = "libc++";
				CLANG_ENABLE_MODULES = YES;
				CLANG_ENABLE_OBJC_ARC = YES;
				CLANG_ENABLE_OBJC_WEAK = YES;
				CLANG_WARN_BLOCK_CAPTURE_AUTORELEASING = YES;
				CLANG_WARN_BOOL_CONVERSION = YES;
				CLANG_WARN_COMMA = YES;
				CLANG_WARN_CONSTANT_CONVERSION = YES;
				CLANG_WARN_DEPRECATED_OBJC_IMPLEMENTATIONS = YES;
				CLANG_WARN_DIRECT_OBJC_ISA_USAGE = YES_ERROR;
				CLANG_WARN_DOCUMENTATION_COMMENTS = YES;
				CLANG_WARN_EMPTY_BODY = YES;
				CLANG_WARN_ENUM_CONVERSION = YES;
				CLANG_WARN_INFINITE_RECURSION = YES;
				CLANG_WARN_INT_CONVERSION = YES;
				CLANG_WARN_NON_LITERAL_NULL_CONVERSION = YES;
				CLANG_WARN_OBJC_IMPLICIT_RETAIN_SELF = YES;
				CLANG_WARN_OBJC_LITERAL_CONVERSION = YES;
				CLANG_WARN_OBJC_ROOT_CLASS = YES_ERROR;
				CLANG_WARN_QUOTED_INCLUDE_IN_FRAMEWORK_HEADER = YES;
				CLANG_WARN_RANGE_LOOP_ANALYSIS = YES;
				CLANG_WARN_STRICT_PROTOTYPES = YES;
				CLANG_WARN_SUSPICIOUS_MOVE = YES;
				CLANG_WARN_UNGUARDED_AVAILABILITY = YES_AGGRESSIVE;
				CLANG_WARN_UNREACHABLE_CODE = YES;
				CLANG_WARN__DUPLICATE_METHOD_MATCH = YES;
				COPY_PHASE_STRIP = NO;
				DEBUG_INFORMATION_FORMAT = "dwarf-with-dsym";
				ENABLE_NS_ASSERTIONS = NO;
				ENABLE_STRICT_OBJC_MSGSEND = YES;
				GCC_C_LANGUAGE_STANDARD = gnu11;
				GCC_NO_COMMON_BLOCKS = YES;
				GCC_WARN_64_TO_32_BIT_CONVERSION = YES;
				GCC_WARN_ABOUT_RETURN_TYPE = YES_ERROR;
				GCC_WARN_UNDECLARED_SELECTOR = YES;
				GCC_WARN_UNINITIALIZED_AUTOS = YES_AGGRESSIVE;
				GCC_WARN_UNUSED_FUNCTION = YES;
				GCC_WARN_UNUSED_VARIABLE = YES;
				MTL_ENABLE_DEBUG_INFO = NO;
				MTL_FAST_MATH = YES;
				SWIFT_COMPILATION_MODE = wholemodule;
				SWIFT_OPTIMIZATION_LEVEL = "-O";
			};
			name = Release;
		};
		3A807612256C008A005E6A1F /* Debug */ = {
			isa = XCBuildConfiguration;
			buildSettings = {
				ASSETCATALOG_COMPILER_APPICON_NAME = AppIcon;
				ASSETCATALOG_COMPILER_GLOBAL_ACCENT_COLOR_NAME = AccentColor;
				CODE_SIGN_STYLE = Automatic;
				DEVELOPMENT_TEAM = DQ7KAUCXJV;
				ENABLE_PREVIEWS = YES;
				INFOPLIST_FILE = iOS/Info.plist;
				IPHONEOS_DEPLOYMENT_TARGET = 14.0;
				LD_RUNPATH_SEARCH_PATHS = (
					"$(inherited)",
					"@executable_path/Frameworks",
				);
				PRODUCT_BUNDLE_IDENTIFIER = MCS.Dayone;
				PRODUCT_NAME = Dayone;
				SDKROOT = iphoneos;
				SWIFT_VERSION = 5.0;
				TARGETED_DEVICE_FAMILY = "1,2";
			};
			name = Debug;
		};
		3A807613256C008A005E6A1F /* Release */ = {
			isa = XCBuildConfiguration;
			buildSettings = {
				ASSETCATALOG_COMPILER_APPICON_NAME = AppIcon;
				ASSETCATALOG_COMPILER_GLOBAL_ACCENT_COLOR_NAME = AccentColor;
				CODE_SIGN_STYLE = Automatic;
				DEVELOPMENT_TEAM = DQ7KAUCXJV;
				ENABLE_PREVIEWS = YES;
				INFOPLIST_FILE = iOS/Info.plist;
				IPHONEOS_DEPLOYMENT_TARGET = 14.0;
				LD_RUNPATH_SEARCH_PATHS = (
					"$(inherited)",
					"@executable_path/Frameworks",
				);
				PRODUCT_BUNDLE_IDENTIFIER = MCS.Dayone;
				PRODUCT_NAME = Dayone;
				SDKROOT = iphoneos;
				SWIFT_VERSION = 5.0;
				TARGETED_DEVICE_FAMILY = "1,2";
				VALIDATE_PRODUCT = YES;
			};
			name = Release;
		};
		3A807615256C008A005E6A1F /* Debug */ = {
			isa = XCBuildConfiguration;
			buildSettings = {
				ASSETCATALOG_COMPILER_APPICON_NAME = AppIcon;
				ASSETCATALOG_COMPILER_GLOBAL_ACCENT_COLOR_NAME = AccentColor;
				CODE_SIGN_ENTITLEMENTS = macOS/macOS.entitlements;
				CODE_SIGN_STYLE = Automatic;
				COMBINE_HIDPI_IMAGES = YES;
				DEVELOPMENT_TEAM = DQ7KAUCXJV;
				ENABLE_HARDENED_RUNTIME = YES;
				ENABLE_PREVIEWS = YES;
				INFOPLIST_FILE = macOS/Info.plist;
				LD_RUNPATH_SEARCH_PATHS = (
					"$(inherited)",
					"@executable_path/../Frameworks",
				);
				MACOSX_DEPLOYMENT_TARGET = 11.0;
				PRODUCT_BUNDLE_IDENTIFIER = MCS.Dayone;
				PRODUCT_NAME = Dayone;
				SDKROOT = macosx;
				SWIFT_VERSION = 5.0;
			};
			name = Debug;
		};
		3A807616256C008A005E6A1F /* Release */ = {
			isa = XCBuildConfiguration;
			buildSettings = {
				ASSETCATALOG_COMPILER_APPICON_NAME = AppIcon;
				ASSETCATALOG_COMPILER_GLOBAL_ACCENT_COLOR_NAME = AccentColor;
				CODE_SIGN_ENTITLEMENTS = macOS/macOS.entitlements;
				CODE_SIGN_STYLE = Automatic;
				COMBINE_HIDPI_IMAGES = YES;
				DEVELOPMENT_TEAM = DQ7KAUCXJV;
				ENABLE_HARDENED_RUNTIME = YES;
				ENABLE_PREVIEWS = YES;
				INFOPLIST_FILE = macOS/Info.plist;
				LD_RUNPATH_SEARCH_PATHS = (
					"$(inherited)",
					"@executable_path/../Frameworks",
				);
				MACOSX_DEPLOYMENT_TARGET = 11.0;
				PRODUCT_BUNDLE_IDENTIFIER = MCS.Dayone;
				PRODUCT_NAME = Dayone;
				SDKROOT = macosx;
				SWIFT_VERSION = 5.0;
			};
			name = Release;
		};
/* End XCBuildConfiguration section */

/* Begin XCConfigurationList section */
		3A8075F4256C0071005E6A1F /* Build configuration list for PBXProject "Dayone" */ = {
			isa = XCConfigurationList;
			buildConfigurations = (
				3A80760F256C008A005E6A1F /* Debug */,
				3A807610256C008A005E6A1F /* Release */,
			);
			defaultConfigurationIsVisible = 0;
			defaultConfigurationName = Release;
		};
		3A807611256C008A005E6A1F /* Build configuration list for PBXNativeTarget "Dayone (iOS)" */ = {
			isa = XCConfigurationList;
			buildConfigurations = (
				3A807612256C008A005E6A1F /* Debug */,
				3A807613256C008A005E6A1F /* Release */,
			);
			defaultConfigurationIsVisible = 0;
			defaultConfigurationName = Release;
		};
		3A807614256C008A005E6A1F /* Build configuration list for PBXNativeTarget "Dayone (macOS)" */ = {
			isa = XCConfigurationList;
			buildConfigurations = (
				3A807615256C008A005E6A1F /* Debug */,
				3A807616256C008A005E6A1F /* Release */,
			);
			defaultConfigurationIsVisible = 0;
			defaultConfigurationName = Release;
		};
/* End XCConfigurationList section */
	};
	rootObject = 3A8075F1256C0071005E6A1F /* Project object */;
}
